
Microsoft Visual Studio Solution File, Format Version 12.00
# Visual Studio Version 17
VisualStudioVersion = 17.7.34202.233
MinimumVisualStudioVersion = 10.0.40219.1
Project("{FAE04EC0-301F-11D3-BF4B-00C04F79EFBC}") = "SimpleChat", "SimpleChat\SimpleChat.csproj", "{2E368604-BFEF-4AC9-8B67-B06BAADE4C11}"
EndProject
Global
	GlobalSection(SolutionConfigurationPlatforms) = preSolution
		Debug|Any CPU = Debug|Any CPU
		Release|Any CPU = Release|Any CPU
	EndGlobalSection
	GlobalSection(ProjectConfigurationPlatforms) = postSolution
		{2E368604-BFEF-4AC9-8B67-B06BAADE4C11}.Debug|Any CPU.ActiveCfg = Debug|Any CPU
		{2E368604-BFEF-4AC9-8B67-B06BAADE4C11}.Debug|Any CPU.Build.0 = Debug|Any CPU
		{2E368604-BFEF-4AC9-8B67-B06BAADE4C11}.Release|Any CPU.ActiveCfg = Release|Any CPU
		{2E368604-BFEF-4AC9-8B67-B06BAADE4C11}.Release|Any CPU.Build.0 = Release|Any CPU
	EndGlobalSection
	GlobalSection(SolutionProperties) = preSolution
		HideSolutionNode = FALSE
	EndGlobalSection
	GlobalSection(ExtensibilityGlobals) = postSolution
		SolutionGuid = {2B5B9E6E-0AF0-4BC2-A872-00E568A6CFEB}
	EndGlobalSection
EndGlobal
